
Microsoft Visual Studio Solution File, Format Version 12.00
# Visual Studio Version 17
VisualStudioVersion = 17.1.32228.430
MinimumVisualStudioVersion = 10.0.40219.1
Project("{FAE04EC0-301F-11D3-BF4B-00C04F79EFBC}") = "ABDUBank", "ABDUBank\ABDUBank.csproj", "{4336A2E2-E210-4F29-A525-2AEA03AFBC9D}"
EndProject
Global
	GlobalSection(SolutionConfigurationPlatforms) = preSolution
		Debug|Any CPU = Debug|Any CPU
		Release|Any CPU = Release|Any CPU
	EndGlobalSection
	GlobalSection(ProjectConfigurationPlatforms) = postSolution
		{4336A2E2-E210-4F29-A525-2AEA03AFBC9D}.Debug|Any CPU.ActiveCfg = Debug|Any CPU
		{4336A2E2-E210-4F29-A525-2AEA03AFBC9D}.Debug|Any CPU.Build.0 = Debug|Any CPU
		{4336A2E2-E210-4F29-A525-2AEA03AFBC9D}.Release|Any CPU.ActiveCfg = Release|Any CPU
		{4336A2E2-E210-4F29-A525-2AEA03AFBC9D}.Release|Any CPU.Build.0 = Release|Any CPU
	EndGlobalSection
	GlobalSection(SolutionProperties) = preSolution
		HideSolutionNode = FALSE
	EndGlobalSection
	GlobalSection(ExtensibilityGlobals) = postSolution
		SolutionGuid = {B8DCEB5E-4CF5-411E-8C8E-3B82E24F3C6F}
	EndGlobalSection
EndGlobal
